
Microsoft Visual Studio Solution File, Format Version 12.00
# Visual Studio 15
VisualStudioVersion = 15.0.27130.2020
MinimumVisualStudioVersion = 10.0.40219.1
Project("{FAE04EC0-301F-11D3-BF4B-00C04F79EFBC}") = "LennyFacer", "LennyFacer.csproj", "{97A558F3-173D-41A6-BBE1-8C743F4A2F4B}"
EndProject
Project("{FAE04EC0-301F-11D3-BF4B-00C04F79EFBC}") = "FailingTestPlugin", "..\FailingTestPlugin\FailingTestPlugin.csproj", "{D51CBF7D-8321-4144-A2FC-89DA3D33D4AD}"
EndProject
Project("{FAE04EC0-301F-11D3-BF4B-00C04F79EFBC}") = "Lennier.PluginModel", "..\Lennier.PluginModel\Lennier.PluginModel.csproj", "{F599F12F-5417-4D80-A498-B4666AA9C995}"
EndProject
Global
	GlobalSection(SolutionConfigurationPlatforms) = preSolution
		Debug|Any CPU = Debug|Any CPU
		Release|Any CPU = Release|Any CPU
	EndGlobalSection
	GlobalSection(ProjectConfigurationPlatforms) = postSolution
		{97A558F3-173D-41A6-BBE1-8C743F4A2F4B}.Debug|Any CPU.ActiveCfg = Debug|Any CPU
		{97A558F3-173D-41A6-BBE1-8C743F4A2F4B}.Debug|Any CPU.Build.0 = Debug|Any CPU
		{97A558F3-173D-41A6-BBE1-8C743F4A2F4B}.Release|Any CPU.ActiveCfg = Release|Any CPU
		{97A558F3-173D-41A6-BBE1-8C743F4A2F4B}.Release|Any CPU.Build.0 = Release|Any CPU
		{D51CBF7D-8321-4144-A2FC-89DA3D33D4AD}.Debug|Any CPU.ActiveCfg = Debug|Any CPU
		{D51CBF7D-8321-4144-A2FC-89DA3D33D4AD}.Debug|Any CPU.Build.0 = Debug|Any CPU
		{D51CBF7D-8321-4144-A2FC-89DA3D33D4AD}.Release|Any CPU.ActiveCfg = Release|Any CPU
		{D51CBF7D-8321-4144-A2FC-89DA3D33D4AD}.Release|Any CPU.Build.0 = Release|Any CPU
		{F599F12F-5417-4D80-A498-B4666AA9C995}.Debug|Any CPU.ActiveCfg = Debug|Any CPU
		{F599F12F-5417-4D80-A498-B4666AA9C995}.Debug|Any CPU.Build.0 = Debug|Any CPU
		{F599F12F-5417-4D80-A498-B4666AA9C995}.Release|Any CPU.ActiveCfg = Release|Any CPU
		{F599F12F-5417-4D80-A498-B4666AA9C995}.Release|Any CPU.Build.0 = Release|Any CPU
	EndGlobalSection
	GlobalSection(SolutionProperties) = preSolution
		HideSolutionNode = FALSE
	EndGlobalSection
	GlobalSection(ExtensibilityGlobals) = postSolution
		SolutionGuid = {D152F809-8FBF-48AD-B9BE-493BAAFF4139}
	EndGlobalSection
EndGlobal
